
Microsoft Visual Studio Solution File, Format Version 12.00
# Visual Studio Version 17
VisualStudioVersion = 17.11.35327.3
MinimumVisualStudioVersion = 10.0.40219.1
Project("{9A19103F-16F7-4668-BE54-9A1E7A4F7556}") = "MainMenu", "MainMenu.csproj", "{516AAF20-770C-4DE0-A104-3BB565AAA3C8}"
EndProject
Global
	GlobalSection(SolutionConfigurationPlatforms) = preSolution
		Debug|Any CPU = Debug|Any CPU
		Release|Any CPU = Release|Any CPU
	EndGlobalSection
	GlobalSection(ProjectConfigurationPlatforms) = postSolution
		{516AAF20-770C-4DE0-A104-3BB565AAA3C8}.Debug|Any CPU.ActiveCfg = Debug|Any CPU
		{516AAF20-770C-4DE0-A104-3BB565AAA3C8}.Debug|Any CPU.Build.0 = Debug|Any CPU
		{516AAF20-770C-4DE0-A104-3BB565AAA3C8}.Release|Any CPU.ActiveCfg = Release|Any CPU
		{516AAF20-770C-4DE0-A104-3BB565AAA3C8}.Release|Any CPU.Build.0 = Release|Any CPU
	EndGlobalSection
	GlobalSection(SolutionProperties) = preSolution
		HideSolutionNode = FALSE
	EndGlobalSection
	GlobalSection(ExtensibilityGlobals) = postSolution
		SolutionGuid = {AECF8E9B-7F2B-4B94-B076-4D48CD6B1D88}
	EndGlobalSection
EndGlobal
